
Microsoft Visual Studio Solution File, Format Version 12.00
# Visual Studio Version 16
VisualStudioVersion = 16.0.30225.117
MinimumVisualStudioVersion = 10.0.40219.1
Project("{9A19103F-16F7-4668-BE54-9A1E7A4F7556}") = "Entities", "Entities\Entities.csproj", "{B28B98A3-5E9B-4E45-9DA1-77C52C5753ED}"
EndProject
Project("{9A19103F-16F7-4668-BE54-9A1E7A4F7556}") = "DataAccess", "DataAccess\DataAccess.csproj", "{70CEF917-F67E-411C-8E10-72B0FE79CF83}"
EndProject
Project("{9A19103F-16F7-4668-BE54-9A1E7A4F7556}") = "Business", "Business\Business.csproj", "{78EA5987-BD54-4FE7-9035-EB62FE219F0B}"
EndProject
Project("{9A19103F-16F7-4668-BE54-9A1E7A4F7556}") = "Core", "Core\Core.csproj", "{01A4CA39-ED07-4C70-9F88-0AFEFE7F7DFE}"
EndProject
Project("{9A19103F-16F7-4668-BE54-9A1E7A4F7556}") = "WebAPI", "WebAPI\WebAPI.csproj", "{4A1DF0CA-C8EF-4C25-AA77-244402FCF477}"
EndProject
Global
	GlobalSection(SolutionConfigurationPlatforms) = preSolution
		Debug|Any CPU = Debug|Any CPU
		Release|Any CPU = Release|Any CPU
	EndGlobalSection
	GlobalSection(ProjectConfigurationPlatforms) = postSolution
		{B28B98A3-5E9B-4E45-9DA1-77C52C5753ED}.Debug|Any CPU.ActiveCfg = Debug|Any CPU
		{B28B98A3-5E9B-4E45-9DA1-77C52C5753ED}.Debug|Any CPU.Build.0 = Debug|Any CPU
		{B28B98A3-5E9B-4E45-9DA1-77C52C5753ED}.Release|Any CPU.ActiveCfg = Release|Any CPU
		{B28B98A3-5E9B-4E45-9DA1-77C52C5753ED}.Release|Any CPU.Build.0 = Release|Any CPU
		{70CEF917-F67E-411C-8E10-72B0FE79CF83}.Debug|Any CPU.ActiveCfg = Debug|Any CPU
		{70CEF917-F67E-411C-8E10-72B0FE79CF83}.Debug|Any CPU.Build.0 = Debug|Any CPU
		{70CEF917-F67E-411C-8E10-72B0FE79CF83}.Release|Any CPU.ActiveCfg = Release|Any CPU
		{70CEF917-F67E-411C-8E10-72B0FE79CF83}.Release|Any CPU.Build.0 = Release|Any CPU
		{78EA5987-BD54-4FE7-9035-EB62FE219F0B}.Debug|Any CPU.ActiveCfg = Debug|Any CPU
		{78EA5987-BD54-4FE7-9035-EB62FE219F0B}.Debug|Any CPU.Build.0 = Debug|Any CPU
		{78EA5987-BD54-4FE7-9035-EB62FE219F0B}.Release|Any CPU.ActiveCfg = Release|Any CPU
		{78EA5987-BD54-4FE7-9035-EB62FE219F0B}.Release|Any CPU.Build.0 = Release|Any CPU
		{01A4CA39-ED07-4C70-9F88-0AFEFE7F7DFE}.Debug|Any CPU.ActiveCfg = Debug|Any CPU
		{01A4CA39-ED07-4C70-9F88-0AFEFE7F7DFE}.Debug|Any CPU.Build.0 = Debug|Any CPU
		{01A4CA39-ED07-4C70-9F88-0AFEFE7F7DFE}.Release|Any CPU.ActiveCfg = Release|Any CPU
		{01A4CA39-ED07-4C70-9F88-0AFEFE7F7DFE}.Release|Any CPU.Build.0 = Release|Any CPU
		{4A1DF0CA-C8EF-4C25-AA77-244402FCF477}.Debug|Any CPU.ActiveCfg = Debug|Any CPU
		{4A1DF0CA-C8EF-4C25-AA77-244402FCF477}.Debug|Any CPU.Build.0 = Debug|Any CPU
		{4A1DF0CA-C8EF-4C25-AA77-244402FCF477}.Release|Any CPU.ActiveCfg = Release|Any CPU
		{4A1DF0CA-C8EF-4C25-AA77-244402FCF477}.Release|Any CPU.Build.0 = Release|Any CPU
	EndGlobalSection
	GlobalSection(SolutionProperties) = preSolution
		HideSolutionNode = FALSE
	EndGlobalSection
	GlobalSection(ExtensibilityGlobals) = postSolution
		SolutionGuid = {CEB7B3B7-C7FC-49CD-95CC-9A509848BB62}
	EndGlobalSection
EndGlobal
